
Microsoft Visual Studio Solution File, Format Version 12.00
# Visual Studio 15
VisualStudioVersion = 15.0.26124.0
MinimumVisualStudioVersion = 15.0.26124.0
Project("{FAE04EC0-301F-11D3-BF4B-00C04F79EFBC}") = "testapi", "testapi\testapi.csproj", "{B7B37A1E-E89F-43AE-81B8-7584AD14BE65}"
EndProject
Project("{FAE04EC0-301F-11D3-BF4B-00C04F79EFBC}") = "tests", "tests\tests.csproj", "{473BBFFC-B39D-4FAB-8797-E286F5C19798}"
EndProject
Project("{FAE04EC0-301F-11D3-BF4B-00C04F79EFBC}") = "main", "main\main.csproj", "{F6C8632D-4146-495E-889E-E0865484A1CA}"
EndProject
Global
	GlobalSection(SolutionConfigurationPlatforms) = preSolution
		Debug|Any CPU = Debug|Any CPU
		Debug|x64 = Debug|x64
		Debug|x86 = Debug|x86
		Release|Any CPU = Release|Any CPU
		Release|x64 = Release|x64
		Release|x86 = Release|x86
	EndGlobalSection
	GlobalSection(SolutionProperties) = preSolution
		HideSolutionNode = FALSE
	EndGlobalSection
	GlobalSection(ProjectConfigurationPlatforms) = postSolution
		{B7B37A1E-E89F-43AE-81B8-7584AD14BE65}.Debug|Any CPU.ActiveCfg = Debug|Any CPU
		{B7B37A1E-E89F-43AE-81B8-7584AD14BE65}.Debug|Any CPU.Build.0 = Debug|Any CPU
		{B7B37A1E-E89F-43AE-81B8-7584AD14BE65}.Debug|x64.ActiveCfg = Debug|Any CPU
		{B7B37A1E-E89F-43AE-81B8-7584AD14BE65}.Debug|x64.Build.0 = Debug|Any CPU
		{B7B37A1E-E89F-43AE-81B8-7584AD14BE65}.Debug|x86.ActiveCfg = Debug|Any CPU
		{B7B37A1E-E89F-43AE-81B8-7584AD14BE65}.Debug|x86.Build.0 = Debug|Any CPU
		{B7B37A1E-E89F-43AE-81B8-7584AD14BE65}.Release|Any CPU.ActiveCfg = Release|Any CPU
		{B7B37A1E-E89F-43AE-81B8-7584AD14BE65}.Release|Any CPU.Build.0 = Release|Any CPU
		{B7B37A1E-E89F-43AE-81B8-7584AD14BE65}.Release|x64.ActiveCfg = Release|Any CPU
		{B7B37A1E-E89F-43AE-81B8-7584AD14BE65}.Release|x64.Build.0 = Release|Any CPU
		{B7B37A1E-E89F-43AE-81B8-7584AD14BE65}.Release|x86.ActiveCfg = Release|Any CPU
		{B7B37A1E-E89F-43AE-81B8-7584AD14BE65}.Release|x86.Build.0 = Release|Any CPU
		{473BBFFC-B39D-4FAB-8797-E286F5C19798}.Debug|Any CPU.ActiveCfg = Debug|Any CPU
		{473BBFFC-B39D-4FAB-8797-E286F5C19798}.Debug|Any CPU.Build.0 = Debug|Any CPU
		{473BBFFC-B39D-4FAB-8797-E286F5C19798}.Debug|x64.ActiveCfg = Debug|Any CPU
		{473BBFFC-B39D-4FAB-8797-E286F5C19798}.Debug|x64.Build.0 = Debug|Any CPU
		{473BBFFC-B39D-4FAB-8797-E286F5C19798}.Debug|x86.ActiveCfg = Debug|Any CPU
		{473BBFFC-B39D-4FAB-8797-E286F5C19798}.Debug|x86.Build.0 = Debug|Any CPU
		{473BBFFC-B39D-4FAB-8797-E286F5C19798}.Release|Any CPU.ActiveCfg = Release|Any CPU
		{473BBFFC-B39D-4FAB-8797-E286F5C19798}.Release|Any CPU.Build.0 = Release|Any CPU
		{473BBFFC-B39D-4FAB-8797-E286F5C19798}.Release|x64.ActiveCfg = Release|Any CPU
		{473BBFFC-B39D-4FAB-8797-E286F5C19798}.Release|x64.Build.0 = Release|Any CPU
		{473BBFFC-B39D-4FAB-8797-E286F5C19798}.Release|x86.ActiveCfg = Release|Any CPU
		{473BBFFC-B39D-4FAB-8797-E286F5C19798}.Release|x86.Build.0 = Release|Any CPU
		{F6C8632D-4146-495E-889E-E0865484A1CA}.Debug|Any CPU.ActiveCfg = Debug|Any CPU
		{F6C8632D-4146-495E-889E-E0865484A1CA}.Debug|Any CPU.Build.0 = Debug|Any CPU
		{F6C8632D-4146-495E-889E-E0865484A1CA}.Debug|x64.ActiveCfg = Debug|Any CPU
		{F6C8632D-4146-495E-889E-E0865484A1CA}.Debug|x64.Build.0 = Debug|Any CPU
		{F6C8632D-4146-495E-889E-E0865484A1CA}.Debug|x86.ActiveCfg = Debug|Any CPU
		{F6C8632D-4146-495E-889E-E0865484A1CA}.Debug|x86.Build.0 = Debug|Any CPU
		{F6C8632D-4146-495E-889E-E0865484A1CA}.Release|Any CPU.ActiveCfg = Release|Any CPU
		{F6C8632D-4146-495E-889E-E0865484A1CA}.Release|Any CPU.Build.0 = Release|Any CPU
		{F6C8632D-4146-495E-889E-E0865484A1CA}.Release|x64.ActiveCfg = Release|Any CPU
		{F6C8632D-4146-495E-889E-E0865484A1CA}.Release|x64.Build.0 = Release|Any CPU
		{F6C8632D-4146-495E-889E-E0865484A1CA}.Release|x86.ActiveCfg = Release|Any CPU
		{F6C8632D-4146-495E-889E-E0865484A1CA}.Release|x86.Build.0 = Release|Any CPU
	EndGlobalSection
EndGlobal
